// !$*UTF8*$!
{
	archiveVersion = 1;
	classes = {
	};
	objectVersion = 56;
	objects = {

/* Begin PBXBuildFile section */
		EDECD16F2B12713300599E53 /* ContentView.swift in Sources */ = {isa = PBXBuildFile; fileRef = EDECD16E2B12713300599E53 /* ContentView.swift */; };
		EDECD1712B12713400599E53 /* Assets.xcassets in Resources */ = {isa = PBXBuildFile; fileRef = EDECD1702B12713400599E53 /* Assets.xcassets */; };
		EDECD1752B12713400599E53 /* Preview Assets.xcassets in Resources */ = {isa = PBXBuildFile; fileRef = EDECD1742B12713400599E53 /* Preview Assets.xcassets */; };
		EDECD17F2B12713400599E53 /* TutorialsTests.swift in Sources */ = {isa = PBXBuildFile; fileRef = EDECD17E2B12713400599E53 /* TutorialsTests.swift */; };
		EDECD1892B12713400599E53 /* TutorialsUITests.swift in Sources */ = {isa = PBXBuildFile; fileRef = EDECD1882B12713400599E53 /* TutorialsUITests.swift */; };
		EDECD18B2B12713400599E53 /* TutorialsUITestsLaunchTests.swift in Sources */ = {isa = PBXBuildFile; fileRef = EDECD18A2B12713400599E53 /* TutorialsUITestsLaunchTests.swift */; };
		EDECD1982B12714300599E53 /* LandmarksApp.swift in Sources */ = {isa = PBXBuildFile; fileRef = EDECD1972B12714300599E53 /* LandmarksApp.swift */; };
/* End PBXBuildFile section */

/* Begin PBXContainerItemProxy section */
		EDECD17B2B12713400599E53 /* PBXContainerItemProxy */ = {
			isa = PBXContainerItemProxy;
			containerPortal = EDECD1612B12713300599E53 /* Project object */;
			proxyType = 1;
			remoteGlobalIDString = EDECD1682B12713300599E53;
			remoteInfo = Tutorials;
		};
		EDECD1852B12713400599E53 /* PBXContainerItemProxy */ = {
			isa = PBXContainerItemProxy;
			containerPortal = EDECD1612B12713300599E53 /* Project object */;
			proxyType = 1;
			remoteGlobalIDString = EDECD1682B12713300599E53;
			remoteInfo = Tutorials;
		};
/* End PBXContainerItemProxy section */

/* Begin PBXFileReference section */
		EDECD1692B12713300599E53 /* Tutorials.app */ = {isa = PBXFileReference; explicitFileType = wrapper.application; includeInIndex = 0; path = Tutorials.app; sourceTree = BUILT_PRODUCTS_DIR; };
		EDECD16E2B12713300599E53 /* ContentView.swift */ = {isa = PBXFileReference; lastKnownFileType = sourcecode.swift; path = ContentView.swift; sourceTree = "<group>"; };
		EDECD1702B12713400599E53 /* Assets.xcassets */ = {isa = PBXFileReference; lastKnownFileType = folder.assetcatalog; path = Assets.xcassets; sourceTree = "<group>"; };
		EDECD1722B12713400599E53 /* Tutorials.entitlements */ = {isa = PBXFileReference; lastKnownFileType = text.plist.entitlements; path = Tutorials.entitlements; sourceTree = "<group>"; };
		EDECD1742B12713400599E53 /* Preview Assets.xcassets */ = {isa = PBXFileReference; lastKnownFileType = folder.assetcatalog; path = "Preview Assets.xcassets"; sourceTree = "<group>"; };
		EDECD17A2B12713400599E53 /* TutorialsTests.xctest */ = {isa = PBXFileReference; explicitFileType = wrapper.cfbundle; includeInIndex = 0; path = TutorialsTests.xctest; sourceTree = BUILT_PRODUCTS_DIR; };
		EDECD17E2B12713400599E53 /* TutorialsTests.swift */ = {isa = PBXFileReference; lastKnownFileType = sourcecode.swift; path = TutorialsTests.swift; sourceTree = "<group>"; };
		EDECD1842B12713400599E53 /* TutorialsUITests.xctest */ = {isa = PBXFileReference; explicitFileType = wrapper.cfbundle; includeInIndex = 0; path = TutorialsUITests.xctest; sourceTree = BUILT_PRODUCTS_DIR; };
		EDECD1882B12713400599E53 /* TutorialsUITests.swift */ = {isa = PBXFileReference; lastKnownFileType = sourcecode.swift; path = TutorialsUITests.swift; sourceTree = "<group>"; };
		EDECD18A2B12713400599E53 /* TutorialsUITestsLaunchTests.swift */ = {isa = PBXFileReference; lastKnownFileType = sourcecode.swift; path = TutorialsUITestsLaunchTests.swift; sourceTree = "<group>"; };
		EDECD1972B12714300599E53 /* LandmarksApp.swift */ = {isa = PBXFileReference; lastKnownFileType = sourcecode.swift; path = LandmarksApp.swift; sourceTree = "<group>"; };
/* End PBXFileReference section */

/* Begin PBXFrameworksBuildPhase section */
		EDECD1662B12713300599E53 /* Frameworks */ = {
			isa = PBXFrameworksBuildPhase;
			buildActionMask = 2147483647;
			files = (
			);
			runOnlyForDeploymentPostprocessing = 0;
		};
		EDECD1772B12713400599E53 /* Frameworks */ = {
			isa = PBXFrameworksBuildPhase;
			buildActionMask = 2147483647;
			files = (
			);
			runOnlyForDeploymentPostprocessing = 0;
		};
		EDECD1812B12713400599E53 /* Frameworks */ = {
			isa = PBXFrameworksBuildPhase;
			buildActionMask = 2147483647;
			files = (
			);
			runOnlyForDeploymentPostprocessing = 0;
		};
/* End PBXFrameworksBuildPhase section */

/* Begin PBXGroup section */
		EDECD1602B12713300599E53 = {
			isa = PBXGroup;
			children = (
				EDECD16B2B12713300599E53 /* Tutorials */,
				EDECD17D2B12713400599E53 /* TutorialsTests */,
				EDECD1872B12713400599E53 /* TutorialsUITests */,
				EDECD16A2B12713300599E53 /* Products */,
			);
			sourceTree = "<group>";
		};
		EDECD16A2B12713300599E53 /* Products */ = {
			isa = PBXGroup;
			children = (
				EDECD1692B12713300599E53 /* Tutorials.app */,
				EDECD17A2B12713400599E53 /* TutorialsTests.xctest */,
				EDECD1842B12713400599E53 /* TutorialsUITests.xctest */,
			);
			name = Products;
			sourceTree = "<group>";
		};
		EDECD16B2B12713300599E53 /* Tutorials */ = {
			isa = PBXGroup;
			children = (
				EDECD1972B12714300599E53 /* LandmarksApp.swift */,
				EDECD16E2B12713300599E53 /* ContentView.swift */,
				EDECD1702B12713400599E53 /* Assets.xcassets */,
				EDECD1722B12713400599E53 /* Tutorials.entitlements */,
				EDECD1732B12713400599E53 /* Preview Content */,
			);
			path = Tutorials;
			sourceTree = "<group>";
		};
		EDECD1732B12713400599E53 /* Preview Content */ = {
			isa = PBXGroup;
			children = (
				EDECD1742B12713400599E53 /* Preview Assets.xcassets */,
			);
			path = "Preview Content";
			sourceTree = "<group>";
		};
		EDECD17D2B12713400599E53 /* TutorialsTests */ = {
			isa = PBXGroup;
			children = (
				EDECD17E2B12713400599E53 /* TutorialsTests.swift */,
			);
			path = TutorialsTests;
			sourceTree = "<group>";
		};
		EDECD1872B12713400599E53 /* TutorialsUITests */ = {
			isa = PBXGroup;
			children = (
				EDECD1882B12713400599E53 /* TutorialsUITests.swift */,
				EDECD18A2B12713400599E53 /* TutorialsUITestsLaunchTests.swift */,
			);
			path = TutorialsUITests;
			sourceTree = "<group>";
		};
/* End PBXGroup section */

/* Begin PBXNativeTarget section */
		EDECD1682B12713300599E53 /* Tutorials */ = {
			isa = PBXNativeTarget;
			buildConfigurationList = EDECD18E2B12713400599E53 /* Build configuration list for PBXNativeTarget "Tutorials" */;
			buildPhases = (
				EDECD1652B12713300599E53 /* Sources */,
				EDECD1662B12713300599E53 /* Frameworks */,
				EDECD1672B12713300599E53 /* Resources */,
			);
			buildRules = (
			);
			dependencies = (
			);
			name = Tutorials;
			productName = Tutorials;
			productReference = EDECD1692B12713300599E53 /* Tutorials.app */;
			productType = "com.apple.product-type.application";
		};
		EDECD1792B12713400599E53 /* TutorialsTests */ = {
			isa = PBXNativeTarget;
			buildConfigurationList = EDECD1912B12713400599E53 /* Build configuration list for PBXNativeTarget "TutorialsTests" */;
			buildPhases = (
				EDECD1762B12713400599E53 /* Sources */,
				EDECD1772B12713400599E53 /* Frameworks */,
				EDECD1782B12713400599E53 /* Resources */,
			);
			buildRules = (
			);
			dependencies = (
				EDECD17C2B12713400599E53 /* PBXTargetDependency */,
			);
			name = TutorialsTests;
			productName = TutorialsTests;
			productReference = EDECD17A2B12713400599E53 /* TutorialsTests.xctest */;
			productType = "com.apple.product-type.bundle.unit-test";
		};
		EDECD1832B12713400599E53 /* TutorialsUITests */ = {
			isa = PBXNativeTarget;
			buildConfigurationList = EDECD1942B12713400599E53 /* Build configuration list for PBXNativeTarget "TutorialsUITests" */;
			buildPhases = (
				EDECD1802B12713400599E53 /* Sources */,
				EDECD1812B12713400599E53 /* Frameworks */,
				EDECD1822B12713400599E53 /* Resources */,
			);
			buildRules = (
			);
			dependencies = (
				EDECD1862B12713400599E53 /* PBXTargetDependency */,
			);
			name = TutorialsUITests;
			productName = TutorialsUITests;
			productReference = EDECD1842B12713400599E53 /* TutorialsUITests.xctest */;
			productType = "com.apple.product-type.bundle.ui-testing";
		};
/* End PBXNativeTarget section */

/* Begin PBXProject section */
		EDECD1612B12713300599E53 /* Project object */ = {
			isa = PBXProject;
			attributes = {
				BuildIndependentTargetsInParallel = 1;
				LastSwiftUpdateCheck = 1500;
				LastUpgradeCheck = 1500;
				TargetAttributes = {
					EDECD1682B12713300599E53 = {
						CreatedOnToolsVersion = 15.0.1;
					};
					EDECD1792B12713400599E53 = {
						CreatedOnToolsVersion = 15.0.1;
						TestTargetID = EDECD1682B12713300599E53;
					};
					EDECD1832B12713400599E53 = {
						CreatedOnToolsVersion = 15.0.1;
						TestTargetID = EDECD1682B12713300599E53;
					};
				};
			};
			buildConfigurationList = EDECD1642B12713300599E53 /* Build configuration list for PBXProject "Tutorials" */;
			compatibilityVersion = "Xcode 14.0";
			developmentRegion = en;
			hasScannedForEncodings = 0;
			knownRegions = (
				en,
				Base,
			);
			mainGroup = EDECD1602B12713300599E53;
			productRefGroup = EDECD16A2B12713300599E53 /* Products */;
			projectDirPath = "";
			projectRoot = "";
			targets = (
				EDECD1682B12713300599E53 /* Tutorials */,
				EDECD1792B12713400599E53 /* TutorialsTests */,
				EDECD1832B12713400599E53 /* TutorialsUITests */,
			);
		};
/* End PBXProject section */

/* Begin PBXResourcesBuildPhase section */
		EDECD1672B12713300599E53 /* Resources */ = {
			isa = PBXResourcesBuildPhase;
			buildActionMask = 2147483647;
			files = (
				EDECD1752B12713400599E53 /* Preview Assets.xcassets in Resources */,
				EDECD1712B12713400599E53 /* Assets.xcassets in Resources */,
			);
			runOnlyForDeploymentPostprocessing = 0;
		};
		EDECD1782B12713400599E53 /* Resources */ = {
			isa = PBXResourcesBuildPhase;
			buildActionMask = 2147483647;
			files = (
			);
			runOnlyForDeploymentPostprocessing = 0;
		};
		EDECD1822B12713400599E53 /* Resources */ = {
			isa = PBXResourcesBuildPhase;
			buildActionMask = 2147483647;
			files = (
			);
			runOnlyForDeploymentPostprocessing = 0;
		};
/* End PBXResourcesBuildPhase section */

/* Begin PBXSourcesBuildPhase section */
		EDECD1652B12713300599E53 /* Sources */ = {
			isa = PBXSourcesBuildPhase;
			buildActionMask = 2147483647;
			files = (
				EDECD16F2B12713300599E53 /* ContentView.swift in Sources */,
				EDECD1982B12714300599E53 /* LandmarksApp.swift in Sources */,
			);
			runOnlyForDeploymentPostprocessing = 0;
		};
		EDECD1762B12713400599E53 /* Sources */ = {
			isa = PBXSourcesBuildPhase;
			buildActionMask = 2147483647;
			files = (
				EDECD17F2B12713400599E53 /* TutorialsTests.swift in Sources */,
			);
			runOnlyForDeploymentPostprocessing = 0;
		};
		EDECD1802B12713400599E53 /* Sources */ = {
			isa = PBXSourcesBuildPhase;
			buildActionMask = 2147483647;
			files = (
				EDECD18B2B12713400599E53 /* TutorialsUITestsLaunchTests.swift in Sources */,
				EDECD1892B12713400599E53 /* TutorialsUITests.swift in Sources */,
			);
			runOnlyForDeploymentPostprocessing = 0;
		};
/* End PBXSourcesBuildPhase section */

/* Begin PBXTargetDependency section */
		EDECD17C2B12713400599E53 /* PBXTargetDependency */ = {
			isa = PBXTargetDependency;
			target = EDECD1682B12713300599E53 /* Tutorials */;
			targetProxy = EDECD17B2B12713400599E53 /* PBXContainerItemProxy */;
		};
		EDECD1862B12713400599E53 /* PBXTargetDependency */ = {
			isa = PBXTargetDependency;
			target = EDECD1682B12713300599E53 /* Tutorials */;
			targetProxy = EDECD1852B12713400599E53 /* PBXContainerItemProxy */;
		};
/* End PBXTargetDependency section */

/* Begin XCBuildConfiguration section */
		EDECD18C2B12713400599E53 /* Debug */ = {
			isa = XCBuildConfiguration;
			buildSettings = {
				ALWAYS_SEARCH_USER_PATHS = NO;
				ASSETCATALOG_COMPILER_GENERATE_SWIFT_ASSET_SYMBOL_EXTENSIONS = YES;
				CLANG_ANALYZER_NONNULL = YES;
				CLANG_ANALYZER_NUMBER_OBJECT_CONVERSION = YES_AGGRESSIVE;
				CLANG_CXX_LANGUAGE_STANDARD = "gnu++20";
				CLANG_ENABLE_MODULES = YES;
				CLANG_ENABLE_OBJC_ARC = YES;
				CLANG_ENABLE_OBJC_WEAK = YES;
				CLANG_WARN_BLOCK_CAPTURE_AUTORELEASING = YES;
				CLANG_WARN_BOOL_CONVERSION = YES;
				CLANG_WARN_COMMA = YES;
				CLANG_WARN_CONSTANT_CONVERSION = YES;
				CLANG_WARN_DEPRECATED_OBJC_IMPLEMENTATIONS = YES;
				CLANG_WARN_DIRECT_OBJC_ISA_USAGE = YES_ERROR;
				CLANG_WARN_DOCUMENTATION_COMMENTS = YES;
				CLANG_WARN_EMPTY_BODY = YES;
				CLANG_WARN_ENUM_CONVERSION = YES;
				CLANG_WARN_INFINITE_RECURSION = YES;
				CLANG_WARN_INT_CONVERSION = YES;
				CLANG_WARN_NON_LITERAL_NULL_CONVERSION = YES;
				CLANG_WARN_OBJC_IMPLICIT_RETAIN_SELF = YES;
				CLANG_WARN_OBJC_LITERAL_CONVERSION = YES;
				CLANG_WARN_OBJC_ROOT_CLASS = YES_ERROR;
				CLANG_WARN_QUOTED_INCLUDE_IN_FRAMEWORK_HEADER = YES;
				CLANG_WARN_RANGE_LOOP_ANALYSIS = YES;
				CLANG_WARN_STRICT_PROTOTYPES = YES;
				CLANG_WARN_SUSPICIOUS_MOVE = YES;
				CLANG_WARN_UNGUARDED_AVAILABILITY = YES_AGGRESSIVE;
				CLANG_WARN_UNREACHABLE_CODE = YES;
				CLANG_WARN__DUPLICATE_METHOD_MATCH = YES;
				COPY_PHASE_STRIP = NO;
				DEBUG_INFORMATION_FORMAT = dwarf;
				ENABLE_STRICT_OBJC_MSGSEND = YES;
				ENABLE_TESTABILITY = YES;
				ENABLE_USER_SCRIPT_SANDBOXING = YES;
				GCC_C_LANGUAGE_STANDARD = gnu17;
				GCC_DYNAMIC_NO_PIC = NO;
				GCC_NO_COMMON_BLOCKS = YES;
				GCC_OPTIMIZATION_LEVEL = 0;
				GCC_PREPROCESSOR_DEFINITIONS = (
					"DEBUG=1",
					"$(inherited)",
				);
				GCC_WARN_64_TO_32_BIT_CONVERSION = YES;
				GCC_WARN_ABOUT_RETURN_TYPE = YES_ERROR;
				GCC_WARN_UNDECLARED_SELECTOR = YES;
				GCC_WARN_UNINITIALIZED_AUTOS = YES_AGGRESSIVE;
				GCC_WARN_UNUSED_FUNCTION = YES;
				GCC_WARN_UNUSED_VARIABLE = YES;
				LOCALIZATION_PREFERS_STRING_CATALOGS = YES;
				MTL_ENABLE_DEBUG_INFO = INCLUDE_SOURCE;
				MTL_FAST_MATH = YES;
				ONLY_ACTIVE_ARCH = YES;
				SWIFT_ACTIVE_COMPILATION_CONDITIONS = "DEBUG $(inherited)";
				SWIFT_OPTIMIZATION_LEVEL = "-Onone";
			};
			name = Debug;
		};
		EDECD18D2B12713400599E53 /* Release */ = {
			isa = XCBuildConfiguration;
			buildSettings = {
				ALWAYS_SEARCH_USER_PATHS = NO;
				ASSETCATALOG_COMPILER_GENERATE_SWIFT_ASSET_SYMBOL_EXTENSIONS = YES;
				CLANG_ANALYZER_NONNULL = YES;
				CLANG_ANALYZER_NUMBER_OBJECT_CONVERSION = YES_AGGRESSIVE;
				CLANG_CXX_LANGUAGE_STANDARD = "gnu++20";
				CLANG_ENABLE_MODULES = YES;
				CLANG_ENABLE_OBJC_ARC = YES;
				CLANG_ENABLE_OBJC_WEAK = YES;
				CLANG_WARN_BLOCK_CAPTURE_AUTORELEASING = YES;
				CLANG_WARN_BOOL_CONVERSION = YES;
				CLANG_WARN_COMMA = YES;
				CLANG_WARN_CONSTANT_CONVERSION = YES;
				CLANG_WARN_DEPRECATED_OBJC_IMPLEMENTATIONS = YES;
				CLANG_WARN_DIRECT_OBJC_ISA_USAGE = YES_ERROR;
				CLANG_WARN_DOCUMENTATION_COMMENTS = YES;
				CLANG_WARN_EMPTY_BODY = YES;
				CLANG_WARN_ENUM_CONVERSION = YES;
				CLANG_WARN_INFINITE_RECURSION = YES;
				CLANG_WARN_INT_CONVERSION = YES;
				CLANG_WARN_NON_LITERAL_NULL_CONVERSION = YES;
				CLANG_WARN_OBJC_IMPLICIT_RETAIN_SELF = YES;
				CLANG_WARN_OBJC_LITERAL_CONVERSION = YES;
				CLANG_WARN_OBJC_ROOT_CLASS = YES_ERROR;
				CLANG_WARN_QUOTED_INCLUDE_IN_FRAMEWORK_HEADER = YES;
				CLANG_WARN_RANGE_LOOP_ANALYSIS = YES;
				CLANG_WARN_STRICT_PROTOTYPES = YES;
				CLANG_WARN_SUSPICIOUS_MOVE = YES;
				CLANG_WARN_UNGUARDED_AVAILABILITY = YES_AGGRESSIVE;
				CLANG_WARN_UNREACHABLE_CODE = YES;
				CLANG_WARN__DUPLICATE_METHOD_MATCH = YES;
				COPY_PHASE_STRIP = NO;
				DEBUG_INFORMATION_FORMAT = "dwarf-with-dsym";
				ENABLE_NS_ASSERTIONS = NO;
				ENABLE_STRICT_OBJC_MSGSEND = YES;
				ENABLE_USER_SCRIPT_SANDBOXING = YES;
				GCC_C_LANGUAGE_STANDARD = gnu17;
				GCC_NO_COMMON_BLOCKS = YES;
				GCC_WARN_64_TO_32_BIT_CONVERSION = YES;
				GCC_WARN_ABOUT_RETURN_TYPE = YES_ERROR;
				GCC_WARN_UNDECLARED_SELECTOR = YES;
				GCC_WARN_UNINITIALIZED_AUTOS = YES_AGGRESSIVE;
				GCC_WARN_UNUSED_FUNCTION = YES;
				GCC_WARN_UNUSED_VARIABLE = YES;
				LOCALIZATION_PREFERS_STRING_CATALOGS = YES;
				MTL_ENABLE_DEBUG_INFO = NO;
				MTL_FAST_MATH = YES;
				SWIFT_COMPILATION_MODE = wholemodule;
			};
			name = Release;
		};
		EDECD18F2B12713400599E53 /* Debug */ = {
			isa = XCBuildConfiguration;
			buildSettings = {
				ASSETCATALOG_COMPILER_APPICON_NAME = AppIcon;
				ASSETCATALOG_COMPILER_GLOBAL_ACCENT_COLOR_NAME = AccentColor;
				CODE_SIGN_ENTITLEMENTS = Tutorials/Tutorials.entitlements;
				CODE_SIGN_STYLE = Automatic;
				CURRENT_PROJECT_VERSION = 1;
				DEVELOPMENT_ASSET_PATHS = "\"Tutorials/Preview Content\"";
				DEVELOPMENT_TEAM = 5V6V5ZYA57;
				ENABLE_HARDENED_RUNTIME = YES;
				ENABLE_PREVIEWS = YES;
				GENERATE_INFOPLIST_FILE = YES;
				"INFOPLIST_KEY_UIApplicationSceneManifest_Generation[sdk=iphoneos*]" = YES;
				"INFOPLIST_KEY_UIApplicationSceneManifest_Generation[sdk=iphonesimulator*]" = YES;
				"INFOPLIST_KEY_UIApplicationSupportsIndirectInputEvents[sdk=iphoneos*]" = YES;
				"INFOPLIST_KEY_UIApplicationSupportsIndirectInputEvents[sdk=iphonesimulator*]" = YES;
				"INFOPLIST_KEY_UILaunchScreen_Generation[sdk=iphoneos*]" = YES;
				"INFOPLIST_KEY_UILaunchScreen_Generation[sdk=iphonesimulator*]" = YES;
				"INFOPLIST_KEY_UIStatusBarStyle[sdk=iphoneos*]" = UIStatusBarStyleDefault;
				"INFOPLIST_KEY_UIStatusBarStyle[sdk=iphonesimulator*]" = UIStatusBarStyleDefault;
				INFOPLIST_KEY_UISupportedInterfaceOrientations_iPad = "UIInterfaceOrientationPortrait UIInterfaceOrientationPortraitUpsideDown UIInterfaceOrientationLandscapeLeft UIInterfaceOrientationLandscapeRight";
				INFOPLIST_KEY_UISupportedInterfaceOrientations_iPhone = "UIInterfaceOrientationPortrait UIInterfaceOrientationLandscapeLeft UIInterfaceOrientationLandscapeRight";
				IPHONEOS_DEPLOYMENT_TARGET = 17.0;
				LD_RUNPATH_SEARCH_PATHS = "@executable_path/Frameworks";
				"LD_RUNPATH_SEARCH_PATHS[sdk=macosx*]" = "@executable_path/../Frameworks";
				MACOSX_DEPLOYMENT_TARGET = 14.0;
				MARKETING_VERSION = 1.0;
				PRODUCT_BUNDLE_IDENTIFIER = com.n4okins.dev.Tutorials;
				PRODUCT_NAME = "$(TARGET_NAME)";
				SDKROOT = auto;
				SUPPORTED_PLATFORMS = "iphoneos iphonesimulator macosx";
				SWIFT_EMIT_LOC_STRINGS = YES;
				SWIFT_VERSION = 5.0;
				TARGETED_DEVICE_FAMILY = "1,2";
			};
			name = Debug;
		};
		EDECD1902B12713400599E53 /* Release */ = {
			isa = XCBuildConfiguration;
			buildSettings = {
				ASSETCATALOG_COMPILER_APPICON_NAME = AppIcon;
				ASSETCATALOG_COMPILER_GLOBAL_ACCENT_COLOR_NAME = AccentColor;
				CODE_SIGN_ENTITLEMENTS = Tutorials/Tutorials.entitlements;
				CODE_SIGN_STYLE = Automatic;
				CURRENT_PROJECT_VERSION = 1;
				DEVELOPMENT_ASSET_PATHS = "\"Tutorials/Preview Content\"";
				DEVELOPMENT_TEAM = 5V6V5ZYA57;
				ENABLE_HARDENED_RUNTIME = YES;
				ENABLE_PREVIEWS = YES;
				GENERATE_INFOPLIST_FILE = YES;
				"INFOPLIST_KEY_UIApplicationSceneManifest_Generation[sdk=iphoneos*]" = YES;
				"INFOPLIST_KEY_UIApplicationSceneManifest_Generation[sdk=iphonesimulator*]" = YES;
				"INFOPLIST_KEY_UIApplicationSupportsIndirectInputEvents[sdk=iphoneos*]" = YES;
				"INFOPLIST_KEY_UIApplicationSupportsIndirectInputEvents[sdk=iphonesimulator*]" = YES;
				"INFOPLIST_KEY_UILaunchScreen_Generation[sdk=iphoneos*]" = YES;
				"INFOPLIST_KEY_UILaunchScreen_Generation[sdk=iphonesimulator*]" = YES;
				"INFOPLIST_KEY_UIStatusBarStyle[sdk=iphoneos*]" = UIStatusBarStyleDefault;
				"INFOPLIST_KEY_UIStatusBarStyle[sdk=iphonesimulator*]" = UIStatusBarStyleDefault;
				INFOPLIST_KEY_UISupportedInterfaceOrientations_iPad = "UIInterfaceOrientationPortrait UIInterfaceOrientationPortraitUpsideDown UIInterfaceOrientationLandscapeLeft UIInterfaceOrientationLandscapeRight";
				INFOPLIST_KEY_UISupportedInterfaceOrientations_iPhone = "UIInterfaceOrientationPortrait UIInterfaceOrientationLandscapeLeft UIInterfaceOrientationLandscapeRight";
				IPHONEOS_DEPLOYMENT_TARGET = 17.0;
				LD_RUNPATH_SEARCH_PATHS = "@executable_path/Frameworks";
				"LD_RUNPATH_SEARCH_PATHS[sdk=macosx*]" = "@executable_path/../Frameworks";
				MACOSX_DEPLOYMENT_TARGET = 14.0;
				MARKETING_VERSION = 1.0;
				PRODUCT_BUNDLE_IDENTIFIER = com.n4okins.dev.Tutorials;
				PRODUCT_NAME = "$(TARGET_NAME)";
				SDKROOT = auto;
				SUPPORTED_PLATFORMS = "iphoneos iphonesimulator macosx";
				SWIFT_EMIT_LOC_STRINGS = YES;
				SWIFT_VERSION = 5.0;
				TARGETED_DEVICE_FAMILY = "1,2";
			};
			name = Release;
		};
		EDECD1922B12713400599E53 /* Debug */ = {
			isa = XCBuildConfiguration;
			buildSettings = {
				ALWAYS_EMBED_SWIFT_STANDARD_LIBRARIES = YES;
				BUNDLE_LOADER = "$(TEST_HOST)";
				CODE_SIGN_STYLE = Automatic;
				CURRENT_PROJECT_VERSION = 1;
				DEVELOPMENT_TEAM = 5V6V5ZYA57;
				GENERATE_INFOPLIST_FILE = YES;
				IPHONEOS_DEPLOYMENT_TARGET = 17.0;
				MACOSX_DEPLOYMENT_TARGET = 14.0;
				MARKETING_VERSION = 1.0;
				PRODUCT_BUNDLE_IDENTIFIER = com.n4okins.dev.TutorialsTests;
				PRODUCT_NAME = "$(TARGET_NAME)";
				SDKROOT = auto;
				SUPPORTED_PLATFORMS = "iphoneos iphonesimulator macosx";
				SWIFT_EMIT_LOC_STRINGS = NO;
				SWIFT_VERSION = 5.0;
				TARGETED_DEVICE_FAMILY = "1,2";
				TEST_HOST = "$(BUILT_PRODUCTS_DIR)/Tutorials.app/$(BUNDLE_EXECUTABLE_FOLDER_PATH)/Tutorials";
			};
			name = Debug;
		};
		EDECD1932B12713400599E53 /* Release */ = {
			isa = XCBuildConfiguration;
			buildSettings = {
				ALWAYS_EMBED_SWIFT_STANDARD_LIBRARIES = YES;
				BUNDLE_LOADER = "$(TEST_HOST)";
				CODE_SIGN_STYLE = Automatic;
				CURRENT_PROJECT_VERSION = 1;
				DEVELOPMENT_TEAM = 5V6V5ZYA57;
				GENERATE_INFOPLIST_FILE = YES;
				IPHONEOS_DEPLOYMENT_TARGET = 17.0;
				MACOSX_DEPLOYMENT_TARGET = 14.0;
				MARKETING_VERSION = 1.0;
				PRODUCT_BUNDLE_IDENTIFIER = com.n4okins.dev.TutorialsTests;
				PRODUCT_NAME = "$(TARGET_NAME)";
				SDKROOT = auto;
				SUPPORTED_PLATFORMS = "iphoneos iphonesimulator macosx";
				SWIFT_EMIT_LOC_STRINGS = NO;
				SWIFT_VERSION = 5.0;
				TARGETED_DEVICE_FAMILY = "1,2";
				TEST_HOST = "$(BUILT_PRODUCTS_DIR)/Tutorials.app/$(BUNDLE_EXECUTABLE_FOLDER_PATH)/Tutorials";
			};
			name = Release;
		};
		EDECD1952B12713400599E53 /* Debug */ = {
			isa = XCBuildConfiguration;
			buildSettings = {
				ALWAYS_EMBED_SWIFT_STANDARD_LIBRARIES = YES;
				CODE_SIGN_STYLE = Automatic;
				CURRENT_PROJECT_VERSION = 1;
				DEVELOPMENT_TEAM = 5V6V5ZYA57;
				GENERATE_INFOPLIST_FILE = YES;
				IPHONEOS_DEPLOYMENT_TARGET = 17.0;
				MACOSX_DEPLOYMENT_TARGET = 14.0;
				MARKETING_VERSION = 1.0;
				PRODUCT_BUNDLE_IDENTIFIER = com.n4okins.dev.TutorialsUITests;
				PRODUCT_NAME = "$(TARGET_NAME)";
				SDKROOT = auto;
				SUPPORTED_PLATFORMS = "iphoneos iphonesimulator macosx";
				SWIFT_EMIT_LOC_STRINGS = NO;
				SWIFT_VERSION = 5.0;
				TARGETED_DEVICE_FAMILY = "1,2";
				TEST_TARGET_NAME = Tutorials;
			};
			name = Debug;
		};
		EDECD1962B12713400599E53 /* Release */ = {
			isa = XCBuildConfiguration;
			buildSettings = {
				ALWAYS_EMBED_SWIFT_STANDARD_LIBRARIES = YES;
				CODE_SIGN_STYLE = Automatic;
				CURRENT_PROJECT_VERSION = 1;
				DEVELOPMENT_TEAM = 5V6V5ZYA57;
				GENERATE_INFOPLIST_FILE = YES;
				IPHONEOS_DEPLOYMENT_TARGET = 17.0;
				MACOSX_DEPLOYMENT_TARGET = 14.0;
				MARKETING_VERSION = 1.0;
				PRODUCT_BUNDLE_IDENTIFIER = com.n4okins.dev.TutorialsUITests;
				PRODUCT_NAME = "$(TARGET_NAME)";
				SDKROOT = auto;
				SUPPORTED_PLATFORMS = "iphoneos iphonesimulator macosx";
				SWIFT_EMIT_LOC_STRINGS = NO;
				SWIFT_VERSION = 5.0;
				TARGETED_DEVICE_FAMILY = "1,2";
				TEST_TARGET_NAME = Tutorials;
			};
			name = Release;
		};
/* End XCBuildConfiguration section */

/* Begin XCConfigurationList section */
		EDECD1642B12713300599E53 /* Build configuration list for PBXProject "Tutorials" */ = {
			isa = XCConfigurationList;
			buildConfigurations = (
				EDECD18C2B12713400599E53 /* Debug */,
				EDECD18D2B12713400599E53 /* Release */,
			);
			defaultConfigurationIsVisible = 0;
			defaultConfigurationName = Release;
		};
		EDECD18E2B12713400599E53 /* Build configuration list for PBXNativeTarget "Tutorials" */ = {
			isa = XCConfigurationList;
			buildConfigurations = (
				EDECD18F2B12713400599E53 /* Debug */,
				EDECD1902B12713400599E53 /* Release */,
			);
			defaultConfigurationIsVisible = 0;
			defaultConfigurationName = Release;
		};
		EDECD1912B12713400599E53 /* Build configuration list for PBXNativeTarget "TutorialsTests" */ = {
			isa = XCConfigurationList;
			buildConfigurations = (
				EDECD1922B12713400599E53 /* Debug */,
				EDECD1932B12713400599E53 /* Release */,
			);
			defaultConfigurationIsVisible = 0;
			defaultConfigurationName = Release;
		};
		EDECD1942B12713400599E53 /* Build configuration list for PBXNativeTarget "TutorialsUITests" */ = {
			isa = XCConfigurationList;
			buildConfigurations = (
				EDECD1952B12713400599E53 /* Debug */,
				EDECD1962B12713400599E53 /* Release */,
			);
			defaultConfigurationIsVisible = 0;
			defaultConfigurationName = Release;
		};
/* End XCConfigurationList section */
	};
	rootObject = EDECD1612B12713300599E53 /* Project object */;
}
